
Microsoft Visual Studio Solution File, Format Version 12.00
Project("{FAE04EC0-301F-11D3-BF4B-00C04F79EFBC}") = "CourtApi", "CourtApi\CourtApi.csproj", "{2AC0D124-A68A-4F52-B74D-82E4AE18670D}"
EndProject
Project("{FAE04EC0-301F-11D3-BF4B-00C04F79EFBC}") = "CourtKataTest", "CourtKataTest\CourtKataTest.csproj", "{73E80EF1-276F-4B05-8B49-A297AB1B8E57}"
EndProject
Global
	GlobalSection(SolutionConfigurationPlatforms) = preSolution
		Debug|Any CPU = Debug|Any CPU
		Release|Any CPU = Release|Any CPU
	EndGlobalSection
	GlobalSection(ProjectConfigurationPlatforms) = postSolution
		{2AC0D124-A68A-4F52-B74D-82E4AE18670D}.Debug|Any CPU.ActiveCfg = Debug|Any CPU
		{2AC0D124-A68A-4F52-B74D-82E4AE18670D}.Debug|Any CPU.Build.0 = Debug|Any CPU
		{2AC0D124-A68A-4F52-B74D-82E4AE18670D}.Release|Any CPU.ActiveCfg = Release|Any CPU
		{2AC0D124-A68A-4F52-B74D-82E4AE18670D}.Release|Any CPU.Build.0 = Release|Any CPU
		{73E80EF1-276F-4B05-8B49-A297AB1B8E57}.Debug|Any CPU.ActiveCfg = Debug|Any CPU
		{73E80EF1-276F-4B05-8B49-A297AB1B8E57}.Debug|Any CPU.Build.0 = Debug|Any CPU
		{73E80EF1-276F-4B05-8B49-A297AB1B8E57}.Release|Any CPU.ActiveCfg = Release|Any CPU
		{73E80EF1-276F-4B05-8B49-A297AB1B8E57}.Release|Any CPU.Build.0 = Release|Any CPU
	EndGlobalSection
EndGlobal
